{
	"name": "hashids-website",
	"version": "1.0.9",
	"lockfileVersion": 1,
	"requires": true,
	"dependencies": {
		"abbrev": {
			"version": "1.1.1",
			"resolved": "https://registry.npmjs.org/abbrev/-/abbrev-1.1.1.tgz",
			"integrity": "sha512-nne9/IiQ/hzIhY6pdDnbBtz7DjPTKrY00P/zvPSm5pOFkl6xuGrGnXn/VtTNNfNtAfZ9/1RtehkszU9qcTii0Q==",
			"dev": true
		},
		"align-text": {
			"version": "0.1.4",
			"resolved": "https://registry.npmjs.org/align-text/-/align-text-0.1.4.tgz",
			"integrity": "sha1-DNkKVhCT810KmSVsIrcGlDP60Rc=",
			"dev": true,
			"requires": {
				"kind-of": "^3.0.2",
				"longest": "^1.0.1",
				"repeat-string": "^1.5.2"
			}
		},
		"amdefine": {
			"version": "1.0.1",
			"resolved": "https://registry.npmjs.org/amdefine/-/amdefine-1.0.1.tgz",
			"integrity": "sha1-SlKCrBZHKek2Gbz9OtFR+BfOkfU=",
			"dev": true
		},
		"ansi-regex": {
			"version": "0.2.1",
			"resolved": "https://registry.npmjs.org/ansi-regex/-/ansi-regex-0.2.1.tgz",
			"integrity": "sha1-DY6UaWej2BQ/k+JOKYUl/BsiNfk=",
			"dev": true
		},
		"ansi-styles": {
			"version": "1.0.0",
			"resolved": "https://registry.npmjs.org/ansi-styles/-/ansi-styles-1.0.0.tgz",
			"integrity": "sha1-yxAt8cVvUSPquLZ817mAJ6AnkXg=",
			"dev": true
		},
		"argparse": {
			"version": "0.1.16",
			"resolved": "https://registry.npmjs.org/argparse/-/argparse-0.1.16.tgz",
			"integrity": "sha1-z9AeD7uj1srtBJ+9dY1A9lGW9Xw=",
			"dev": true,
			"requires": {
				"underscore": "~1.7.0",
				"underscore.string": "~2.4.0"
			},
			"dependencies": {
				"underscore.string": {
					"version": "2.4.0",
					"resolved": "https://registry.npmjs.org/underscore.string/-/underscore.string-2.4.0.tgz",
					"integrity": "sha1-jN2PusTi0uoefi6Al8QvRCKA+Fs=",
					"dev": true
				}
			}
		},
		"array-differ": {
			"version": "0.1.0",
			"resolved": "https://registry.npmjs.org/array-differ/-/array-differ-0.1.0.tgz",
			"integrity": "sha1-EuLJtwa+1HyLSDtX5IdHP7CGHzo=",
			"dev": true
		},
		"array-union": {
			"version": "0.1.0",
			"resolved": "https://registry.npmjs.org/array-union/-/array-union-0.1.0.tgz",
			"integrity": "sha1-7emAiDMGZeaZ4evwIny8YDTmJ9s=",
			"dev": true,
			"requires": {
				"array-uniq": "^0.1.0"
			}
		},
		"array-uniq": {
			"version": "0.1.1",
			"resolved": "https://registry.npmjs.org/array-uniq/-/array-uniq-0.1.1.tgz",
			"integrity": "sha1-WGHz7U5LthdVl6TgeOiqeOvpWMc=",
			"dev": true
		},
		"async": {
			"version": "0.1.22",
			"resolved": "https://registry.npmjs.org/async/-/async-0.1.22.tgz",
			"integrity": "sha1-D8GqoIig4+8Ovi2IMbqw3PiEUGE=",
			"dev": true
		},
		"balanced-match": {
			"version": "1.0.0",
			"resolved": "https://registry.npmjs.org/balanced-match/-/balanced-match-1.0.0.tgz",
			"integrity": "sha1-ibTRmasr7kneFk6gK4nORi1xt2c=",
			"dev": true
		},
		"brace-expansion": {
			"version": "1.1.11",
			"resolved": "https://registry.npmjs.org/brace-expansion/-/brace-expansion-1.1.11.tgz",
			"integrity": "sha512-iCuPHDFgrHX7H2vEI/5xpz07zSHB00TpugqhmYtVmMO6518mCuRMoOYFldEBl0g187ufozdaHgWKcYFb61qGiA==",
			"dev": true,
			"requires": {
				"balanced-match": "^1.0.0",
				"concat-map": "0.0.1"
			}
		},
		"browserify-zlib": {
			"version": "0.1.4",
			"resolved": "https://registry.npmjs.org/browserify-zlib/-/browserify-zlib-0.1.4.tgz",
			"integrity": "sha1-uzX4pRn2AOD6a4SFJByXnQFB+y0=",
			"dev": true,
			"requires": {
				"pako": "~0.2.0"
			}
		},
		"buffer-from": {
			"version": "1.1.1",
			"resolved": "https://registry.npmjs.org/buffer-from/-/buffer-from-1.1.1.tgz",
			"integrity": "sha512-MQcXEUbCKtEo7bhqEs6560Hyd4XaovZlO/k9V3hjVUF/zwW7KBVdSK4gIt/bzwS9MbR5qob+F5jusZsb0YQK2A==",
			"dev": true
		},
		"camel-case": {
			"version": "1.2.2",
			"resolved": "https://registry.npmjs.org/camel-case/-/camel-case-1.2.2.tgz",
			"integrity": "sha1-Gsp8TRlTWaLOmVV5NDPG5VQlEfI=",
			"dev": true,
			"requires": {
				"sentence-case": "^1.1.1",
				"upper-case": "^1.1.1"
			}
		},
		"camelcase": {
			"version": "1.2.1",
			"resolved": "https://registry.npmjs.org/camelcase/-/camelcase-1.2.1.tgz",
			"integrity": "sha1-m7UwTS4LVmmLLHWLCKPqqdqlijk=",
			"dev": true
		},
		"center-align": {
			"version": "0.1.3",
			"resolved": "https://registry.npmjs.org/center-align/-/center-align-0.1.3.tgz",
			"integrity": "sha1-qg0yYptu6XIgBBHL1EYckHvCt60=",
			"dev": true,
			"requires": {
				"align-text": "^0.1.3",
				"lazy-cache": "^1.0.3"
			}
		},
		"chalk": {
			"version": "0.4.0",
			"resolved": "https://registry.npmjs.org/chalk/-/chalk-0.4.0.tgz",
			"integrity": "sha1-UZmj3c0MHv4jvAjBsCewYXbgxk8=",
			"dev": true,
			"requires": {
				"ansi-styles": "~1.0.0",
				"has-color": "~0.1.0",
				"strip-ansi": "~0.1.0"
			}
		},
		"change-case": {
			"version": "2.1.6",
			"resolved": "https://registry.npmjs.org/change-case/-/change-case-2.1.6.tgz",
			"integrity": "sha1-UUryBRMVimj+fwDf9MMy1sKY0vk=",
			"dev": true,
			"requires": {
				"camel-case": "^1.0.0",
				"constant-case": "^1.0.0",
				"dot-case": "^1.0.0",
				"is-lower-case": "^1.0.0",
				"is-upper-case": "^1.0.0",
				"lower-case": "^1.0.0",
				"param-case": "^1.0.0",
				"pascal-case": "^1.0.0",
				"path-case": "^1.0.0",
				"sentence-case": "^1.0.0",
				"snake-case": "^1.0.0",
				"swap-case": "^1.0.0",
				"title-case": "^1.0.0",
				"upper-case": "^1.0.0",
				"upper-case-first": "^1.0.0"
			}
		},
		"clean-css": {
			"version": "2.2.23",
			"resolved": "https://registry.npmjs.org/clean-css/-/clean-css-2.2.23.tgz",
			"integrity": "sha1-BZC1R4tRbEkD7cLYm9P9vdKGMow=",
			"dev": true,
			"requires": {
				"commander": "2.2.x"
			},
			"dependencies": {
				"commander": {
					"version": "2.2.0",
					"resolved": "https://registry.npmjs.org/commander/-/commander-2.2.0.tgz",
					"integrity": "sha1-F1rUuTF/P/YV8gHB5XIk9Vo+kd8=",
					"dev": true
				}
			}
		},
		"cli": {
			"version": "0.6.6",
			"resolved": "https://registry.npmjs.org/cli/-/cli-0.6.6.tgz",
			"integrity": "sha1-Aq1Eo4Cr8nraxebwzdewQ9dMU+M=",
			"dev": true,
			"requires": {
				"exit": "0.1.2",
				"glob": "~ 3.2.1"
			},
			"dependencies": {
				"glob": {
					"version": "3.2.11",
					"resolved": "https://registry.npmjs.org/glob/-/glob-3.2.11.tgz",
					"integrity": "sha1-Spc/Y1uRkPcV0QmH1cAP0oFevj0=",
					"dev": true,
					"requires": {
						"inherits": "2",
						"minimatch": "0.3"
					}
				},
				"minimatch": {
					"version": "0.3.0",
					"resolved": "https://registry.npmjs.org/minimatch/-/minimatch-0.3.0.tgz",
					"integrity": "sha1-J12O2qxPG7MyZHIInnlJyDlGmd0=",
					"dev": true,
					"requires": {
						"lru-cache": "2",
						"sigmund": "~1.0.0"
					}
				}
			}
		},
		"cliui": {
			"version": "2.1.0",
			"resolved": "https://registry.npmjs.org/cliui/-/cliui-2.1.0.tgz",
			"integrity": "sha1-S0dXYP+AJkx2LDoXGQMukcf+oNE=",
			"dev": true,
			"requires": {
				"center-align": "^0.1.1",
				"right-align": "^0.1.1",
				"wordwrap": "0.0.2"
			},
			"dependencies": {
				"wordwrap": {
					"version": "0.0.2",
					"resolved": "https://registry.npmjs.org/wordwrap/-/wordwrap-0.0.2.tgz",
					"integrity": "sha1-t5Zpu0LstAn4PVg8rVLKF+qhZD8=",
					"dev": true
				}
			}
		},
		"coffee-script": {
			"version": "1.3.3",
			"resolved": "https://registry.npmjs.org/coffee-script/-/coffee-script-1.3.3.tgz",
			"integrity": "sha1-FQ1rTLUiiUNp7+1qIQHCC8f0pPQ=",
			"dev": true
		},
		"colors": {
			"version": "0.6.2",
			"resolved": "https://registry.npmjs.org/colors/-/colors-0.6.2.tgz",
			"integrity": "sha1-JCP+ZnisDF2uiFLl0OW+CMmXq8w=",
			"dev": true
		},
		"commander": {
			"version": "2.20.3",
			"resolved": "https://registry.npmjs.org/commander/-/commander-2.20.3.tgz",
			"integrity": "sha512-GpVkmM8vF2vQUkj2LvZmD35JxeJOLCwJ9cUkugyk2nuhbv3+mJvpLYYt+0+USMxE+oj+ey/lJEnhZw75x/OMcQ==",
			"dev": true,
			"optional": true
		},
		"concat-map": {
			"version": "0.0.1",
			"resolved": "https://registry.npmjs.org/concat-map/-/concat-map-0.0.1.tgz",
			"integrity": "sha1-2Klr13/Wjfd5OnMDajug1UBdR3s=",
			"dev": true
		},
		"concat-stream": {
			"version": "1.6.2",
			"resolved": "https://registry.npmjs.org/concat-stream/-/concat-stream-1.6.2.tgz",
			"integrity": "sha512-27HBghJxjiZtIk3Ycvn/4kbJk/1uZuJFfuPEns6LaEvpvG1f0hTea8lilrouyo9mVc2GWdcEZ8OLoGmSADlrCw==",
			"dev": true,
			"requires": {
				"buffer-from": "^1.0.0",
				"inherits": "^2.0.3",
				"readable-stream": "^2.2.2",
				"typedarray": "^0.0.6"
			},
			"dependencies": {
				"isarray": {
					"version": "1.0.0",
					"resolved": "https://registry.npmjs.org/isarray/-/isarray-1.0.0.tgz",
					"integrity": "sha1-u5NdSFgsuhaMBoNJV6VKPgcSTxE=",
					"dev": true
				},
				"readable-stream": {
					"version": "2.3.6",
					"resolved": "https://registry.npmjs.org/readable-stream/-/readable-stream-2.3.6.tgz",
					"integrity": "sha512-tQtKA9WIAhBF3+VLAseyMqZeBjW0AHJoxOtYqSUZNJxauErmLbVm2FW1y+J/YA9dUrAC39ITejlZWhVIwawkKw==",
					"dev": true,
					"requires": {
						"core-util-is": "~1.0.0",
						"inherits": "~2.0.3",
						"isarray": "~1.0.0",
						"process-nextick-args": "~2.0.0",
						"safe-buffer": "~5.1.1",
						"string_decoder": "~1.1.1",
						"util-deprecate": "~1.0.1"
					}
				},
				"string_decoder": {
					"version": "1.1.1",
					"resolved": "https://registry.npmjs.org/string_decoder/-/string_decoder-1.1.1.tgz",
					"integrity": "sha512-n/ShnvDi6FHbbVfviro+WojiFzv+s8MPMHBczVePfUpDJLwoLT0ht1l4YwBCbi8pJAveEEdnkHyPyTP/mzRfwg==",
					"dev": true,
					"requires": {
						"safe-buffer": "~5.1.0"
					}
				}
			}
		},
		"console-browserify": {
			"version": "1.1.0",
			"resolved": "https://registry.npmjs.org/console-browserify/-/console-browserify-1.1.0.tgz",
			"integrity": "sha1-8CQcRXMKn8YyOyBtvzjtx0HQuxA=",
			"dev": true,
			"requires": {
				"date-now": "^0.1.4"
			}
		},
		"constant-case": {
			"version": "1.1.2",
			"resolved": "https://registry.npmjs.org/constant-case/-/constant-case-1.1.2.tgz",
			"integrity": "sha1-jsLKW6ND4Aqjjb9OIA/VrJB+/WM=",
			"dev": true,
			"requires": {
				"snake-case": "^1.1.0",
				"upper-case": "^1.1.1"
			}
		},
		"core-util-is": {
			"version": "1.0.2",
			"resolved": "https://registry.npmjs.org/core-util-is/-/core-util-is-1.0.2.tgz",
			"integrity": "sha1-tf1UIgqivFq1eqtxQMlAdUUDwac=",
			"dev": true
		},
		"dargs": {
			"version": "0.1.0",
			"resolved": "https://registry.npmjs.org/dargs/-/dargs-0.1.0.tgz",
			"integrity": "sha1-I2Stn0Qfl23NX+mWHiFxVmWl48M=",
			"dev": true
		},
		"date-now": {
			"version": "0.1.4",
			"resolved": "https://registry.npmjs.org/date-now/-/date-now-0.1.4.tgz",
			"integrity": "sha1-6vQ5/U1ISK105cx9vvIAZyueNFs=",
			"dev": true
		},
		"dateformat": {
			"version": "1.0.2-1.2.3",
			"resolved": "https://registry.npmjs.org/dateformat/-/dateformat-1.0.2-1.2.3.tgz",
			"integrity": "sha1-sCIMAt6YYXQztyhRz0fePfLNvuk=",
			"dev": true
		},
		"debug": {
			"version": "0.7.4",
			"resolved": "https://registry.npmjs.org/debug/-/debug-0.7.4.tgz",
			"integrity": "sha1-BuHqgILCyxTjmAbiLi9vdX+Srzk=",
			"dev": true
		},
		"decamelize": {
			"version": "1.2.0",
			"resolved": "https://registry.npmjs.org/decamelize/-/decamelize-1.2.0.tgz",
			"integrity": "sha1-9lNNFRSCabIDUue+4m9QH5oZEpA=",
			"dev": true
		},
		"dom-serializer": {
			"version": "0.1.1",
			"resolved": "https://registry.npmjs.org/dom-serializer/-/dom-serializer-0.1.1.tgz",
			"integrity": "sha512-l0IU0pPzLWSHBcieZbpOKgkIn3ts3vAh7ZuFyXNwJxJXk/c4Gwj9xaTJwIDVQCXawWD0qb3IzMGH5rglQaO0XA==",
			"dev": true,
			"requires": {
				"domelementtype": "^1.3.0",
				"entities": "^1.1.1"
			},
			"dependencies": {
				"entities": {
					"version": "1.1.2",
					"resolved": "https://registry.npmjs.org/entities/-/entities-1.1.2.tgz",
					"integrity": "sha512-f2LZMYl1Fzu7YSBKg+RoROelpOaNrcGmE9AZubeDfrCEia483oW4MI4VyFd5VNHIgQ/7qm1I0wUHK1eJnn2y2w==",
					"dev": true
				}
			}
		},
		"domelementtype": {
			"version": "1.3.1",
			"resolved": "https://registry.npmjs.org/domelementtype/-/domelementtype-1.3.1.tgz",
			"integrity": "sha512-BSKB+TSpMpFI/HOxCNr1O8aMOTZ8hT3pM3GQ0w/mWRmkhEDSFJkkyzz4XQsBV44BChwGkrDfMyjVD0eA2aFV3w==",
			"dev": true
		},
		"domhandler": {
			"version": "2.3.0",
			"resolved": "https://registry.npmjs.org/domhandler/-/domhandler-2.3.0.tgz",
			"integrity": "sha1-LeWaCCLVAn+r/28DLCsloqir5zg=",
			"dev": true,
			"requires": {
				"domelementtype": "1"
			}
		},
		"domutils": {
			"version": "1.5.1",
			"resolved": "https://registry.npmjs.org/domutils/-/domutils-1.5.1.tgz",
			"integrity": "sha1-3NhIiib1Y9YQeeSMn3t+Mjc2gs8=",
			"dev": true,
			"requires": {
				"dom-serializer": "0",
				"domelementtype": "1"
			}
		},
		"dot-case": {
			"version": "1.1.2",
			"resolved": "https://registry.npmjs.org/dot-case/-/dot-case-1.1.2.tgz",
			"integrity": "sha1-HnOCaQDeKNbeVIC8HeMdCEKwa+w=",
			"dev": true,
			"requires": {
				"sentence-case": "^1.1.2"
			}
		},
		"entities": {
			"version": "1.0.0",
			"resolved": "https://registry.npmjs.org/entities/-/entities-1.0.0.tgz",
			"integrity": "sha1-sph6o4ITR/zeZCsk/fyeT7cSvyY=",
			"dev": true
		},
		"escape-string-regexp": {
			"version": "1.0.5",
			"resolved": "https://registry.npmjs.org/escape-string-regexp/-/escape-string-regexp-1.0.5.tgz",
			"integrity": "sha1-G2HAViGQqN/2rjuyzwIAyhMLhtQ=",
			"dev": true
		},
		"esprima": {
			"version": "1.0.4",
			"resolved": "https://registry.npmjs.org/esprima/-/esprima-1.0.4.tgz",
			"integrity": "sha1-n1V+CPw7TSbs6d00+Pv0drYlha0=",
			"dev": true
		},
		"eventemitter2": {
			"version": "0.4.14",
			"resolved": "https://registry.npmjs.org/eventemitter2/-/eventemitter2-0.4.14.tgz",
			"integrity": "sha1-j2G3XN4BKy6esoTUVFWDtWQ7Yas=",
			"dev": true
		},
		"exit": {
			"version": "0.1.2",
			"resolved": "https://registry.npmjs.org/exit/-/exit-0.1.2.tgz",
			"integrity": "sha1-BjJjj42HfMghB9MKD/8aF8uhzQw=",
			"dev": true
		},
		"faye-websocket": {
			"version": "0.4.4",
			"resolved": "https://registry.npmjs.org/faye-websocket/-/faye-websocket-0.4.4.tgz",
			"integrity": "sha1-wUxbO/FNdBf/v9mQwKdJXNnzN7w=",
			"dev": true
		},
		"figures": {
			"version": "1.7.0",
			"resolved": "https://registry.npmjs.org/figures/-/figures-1.7.0.tgz",
			"integrity": "sha1-y+Hjr/zxzUS4DK3+0o3Hk6lwHS4=",
			"dev": true,
			"requires": {
				"escape-string-regexp": "^1.0.5",
				"object-assign": "^4.1.0"
			}
		},
		"findup-sync": {
			"version": "0.1.3",
			"resolved": "https://registry.npmjs.org/findup-sync/-/findup-sync-0.1.3.tgz",
			"integrity": "sha1-fz56l7gjksZTvwZYm9hRkOk8NoM=",
			"dev": true,
			"requires": {
				"glob": "~3.2.9",
				"lodash": "~2.4.1"
			},
			"dependencies": {
				"glob": {
					"version": "3.2.11",
					"resolved": "https://registry.npmjs.org/glob/-/glob-3.2.11.tgz",
					"integrity": "sha1-Spc/Y1uRkPcV0QmH1cAP0oFevj0=",
					"dev": true,
					"requires": {
						"inherits": "2",
						"minimatch": "0.3"
					}
				},
				"lodash": {
					"version": "2.4.2",
					"resolved": "https://registry.npmjs.org/lodash/-/lodash-2.4.2.tgz",
					"integrity": "sha1-+t2DS5aDBz2hebPq5tnA0VBT9z4=",
					"dev": true
				},
				"minimatch": {
					"version": "0.3.0",
					"resolved": "https://registry.npmjs.org/minimatch/-/minimatch-0.3.0.tgz",
					"integrity": "sha1-J12O2qxPG7MyZHIInnlJyDlGmd0=",
					"dev": true,
					"requires": {
						"lru-cache": "2",
						"sigmund": "~1.0.0"
					}
				}
			}
		},
		"gaze": {
			"version": "0.5.2",
			"resolved": "https://registry.npmjs.org/gaze/-/gaze-0.5.2.tgz",
			"integrity": "sha1-QLcJU30k0dRXZ9takIaJ3+aaxE8=",
			"dev": true,
			"requires": {
				"globule": "~0.1.0"
			}
		},
		"getobject": {
			"version": "0.1.0",
			"resolved": "https://registry.npmjs.org/getobject/-/getobject-0.1.0.tgz",
			"integrity": "sha1-BHpEl4n6Fg0Bj1SG7ZEyC27HiFw=",
			"dev": true
		},
		"glob": {
			"version": "3.1.21",
			"resolved": "https://registry.npmjs.org/glob/-/glob-3.1.21.tgz",
			"integrity": "sha1-0p4KBV3qUTj00H7UDomC6DwgZs0=",
			"dev": true,
			"requires": {
				"graceful-fs": "~1.2.0",
				"inherits": "1",
				"minimatch": "~0.2.11"
			},
			"dependencies": {
				"inherits": {
					"version": "1.0.2",
					"resolved": "https://registry.npmjs.org/inherits/-/inherits-1.0.2.tgz",
					"integrity": "sha1-ykMJ2t7mtUzAuNJH6NfHoJdb3Js=",
					"dev": true
				}
			}
		},
		"globule": {
			"version": "0.1.0",
			"resolved": "https://registry.npmjs.org/globule/-/globule-0.1.0.tgz",
			"integrity": "sha1-2cjt3h2nnRJaFRt5UzuXhnY0auU=",
			"dev": true,
			"requires": {
				"glob": "~3.1.21",
				"lodash": "~1.0.1",
				"minimatch": "~0.2.11"
			},
			"dependencies": {
				"lodash": {
					"version": "1.0.2",
					"resolved": "https://registry.npmjs.org/lodash/-/lodash-1.0.2.tgz",
					"integrity": "sha1-j1dWDIO1n8JwvT1WG2kAQ0MOJVE=",
					"dev": true
				}
			}
		},
		"graceful-fs": {
			"version": "1.2.3",
			"resolved": "https://registry.npmjs.org/graceful-fs/-/graceful-fs-1.2.3.tgz",
			"integrity": "sha1-FaSAaldUfLLS2/J/QuiajDRRs2Q=",
			"dev": true
		},
		"grunt": {
			"version": "0.4.5",
			"resolved": "https://registry.npmjs.org/grunt/-/grunt-0.4.5.tgz",
			"integrity": "sha1-VpN81RlDJK3/bSB2MYMqnWuk5/A=",
			"dev": true,
			"requires": {
				"async": "~0.1.22",
				"coffee-script": "~1.3.3",
				"colors": "~0.6.2",
				"dateformat": "1.0.2-1.2.3",
				"eventemitter2": "~0.4.13",
				"exit": "~0.1.1",
				"findup-sync": "~0.1.2",
				"getobject": "~0.1.0",
				"glob": "~3.1.21",
				"grunt-legacy-log": "~0.1.0",
				"grunt-legacy-util": "~0.2.0",
				"hooker": "~0.2.3",
				"iconv-lite": "~0.2.11",
				"js-yaml": "~2.0.5",
				"lodash": "~0.9.2",
				"minimatch": "~0.2.12",
				"nopt": "~1.0.10",
				"rimraf": "~2.2.8",
				"underscore.string": "~2.2.1",
				"which": "~1.0.5"
			}
		},
		"grunt-bump": {
			"version": "0.5.0",
			"resolved": "https://registry.npmjs.org/grunt-bump/-/grunt-bump-0.5.0.tgz",
			"integrity": "sha1-hGK4ox5Th0caEnGIAWzuQYplNx8=",
			"dev": true,
			"requires": {
				"semver": "^4.3.3"
			}
		},
		"grunt-cli": {
			"version": "1.2.0",
			"resolved": "https://registry.npmjs.org/grunt-cli/-/grunt-cli-1.2.0.tgz",
			"integrity": "sha1-VisRnrsGndtGSs4oRVAb6Xs1tqg=",
			"dev": true,
			"requires": {
				"findup-sync": "~0.3.0",
				"grunt-known-options": "~1.1.0",
				"nopt": "~3.0.6",
				"resolve": "~1.1.0"
			},
			"dependencies": {
				"findup-sync": {
					"version": "0.3.0",
					"resolved": "https://registry.npmjs.org/findup-sync/-/findup-sync-0.3.0.tgz",
					"integrity": "sha1-N5MKpdgWt3fANEXhlmzGeQpMCxY=",
					"dev": true,
					"requires": {
						"glob": "~5.0.0"
					}
				},
				"glob": {
					"version": "5.0.15",
					"resolved": "https://registry.npmjs.org/glob/-/glob-5.0.15.tgz",
					"integrity": "sha1-G8k2ueAvSmA/zCIuz3Yz0wuLk7E=",
					"dev": true,
					"requires": {
						"inflight": "^1.0.4",
						"inherits": "2",
						"minimatch": "2 || 3",
						"once": "^1.3.0",
						"path-is-absolute": "^1.0.0"
					}
				},
				"minimatch": {
					"version": "3.0.4",
					"resolved": "https://registry.npmjs.org/minimatch/-/minimatch-3.0.4.tgz",
					"integrity": "sha512-yJHVQEhyqPLUTgt9B83PXu6W3rx4MvvHvSUvToogpwoGDOUQ+yDrR0HRot+yOCdCO7u4hX3pWft6kWBBcqh0UA==",
					"dev": true,
					"requires": {
						"brace-expansion": "^1.1.7"
					}
				},
				"nopt": {
					"version": "3.0.6",
					"resolved": "https://registry.npmjs.org/nopt/-/nopt-3.0.6.tgz",
					"integrity": "sha1-xkZdvwirzU2zWTF/eaxopkayj/k=",
					"dev": true,
					"requires": {
						"abbrev": "1"
					}
				}
			}
		},
		"grunt-contrib-handlebars": {
			"version": "0.8.0",
			"resolved": "https://registry.npmjs.org/grunt-contrib-handlebars/-/grunt-contrib-handlebars-0.8.0.tgz",
			"integrity": "sha1-e5JS/QUy1JushuMLHgv5Qd/1nPo=",
			"dev": true,
			"requires": {
				"chalk": "~0.4.0",
				"grunt-lib-contrib": "~0.5.1",
				"handlebars": "~1.3.0"
			},
			"dependencies": {
				"handlebars": {
					"version": "1.3.0",
					"resolved": "https://registry.npmjs.org/handlebars/-/handlebars-1.3.0.tgz",
					"integrity": "sha1-npsTCpPjiUkTItl1zz7BgYw3zjQ=",
					"dev": true,
					"requires": {
						"optimist": "~0.3",
						"uglify-js": "~2.3"
					}
				}
			}
		},
		"grunt-contrib-jshint": {
			"version": "0.10.0",
			"resolved": "https://registry.npmjs.org/grunt-contrib-jshint/-/grunt-contrib-jshint-0.10.0.tgz",
			"integrity": "sha1-V+vMyofo8yevZkXYo8WG1IReTYE=",
			"dev": true,
			"requires": {
				"hooker": "~0.2.3",
				"jshint": "~2.5.0"
			}
		},
		"grunt-contrib-sass": {
			"version": "0.7.4",
			"resolved": "https://registry.npmjs.org/grunt-contrib-sass/-/grunt-contrib-sass-0.7.4.tgz",
			"integrity": "sha1-HeD3w7xA8VJU4TV3e18JTJIelWQ=",
			"dev": true,
			"requires": {
				"async": "^0.9.0",
				"chalk": "^0.5.1",
				"dargs": "^0.1.0",
				"which": "^1.0.5",
				"win-spawn": "^2.0.0"
			},
			"dependencies": {
				"ansi-styles": {
					"version": "1.1.0",
					"resolved": "https://registry.npmjs.org/ansi-styles/-/ansi-styles-1.1.0.tgz",
					"integrity": "sha1-6uy/Zs1waIJ2Cy9GkVgrj1XXp94=",
					"dev": true
				},
				"async": {
					"version": "0.9.2",
					"resolved": "https://registry.npmjs.org/async/-/async-0.9.2.tgz",
					"integrity": "sha1-rqdNXmHB+JlhO/ZL2mbUx48v0X0=",
					"dev": true
				},
				"chalk": {
					"version": "0.5.1",
					"resolved": "https://registry.npmjs.org/chalk/-/chalk-0.5.1.tgz",
					"integrity": "sha1-Zjs6ZItotV0EaQ1JFnqoN4WPIXQ=",
					"dev": true,
					"requires": {
						"ansi-styles": "^1.1.0",
						"escape-string-regexp": "^1.0.0",
						"has-ansi": "^0.1.0",
						"strip-ansi": "^0.3.0",
						"supports-color": "^0.2.0"
					}
				},
				"strip-ansi": {
					"version": "0.3.0",
					"resolved": "https://registry.npmjs.org/strip-ansi/-/strip-ansi-0.3.0.tgz",
					"integrity": "sha1-JfSOoiynkYfzF0pNuHWTR7sSYiA=",
					"dev": true,
					"requires": {
						"ansi-regex": "^0.2.1"
					}
				}
			}
		},
		"grunt-contrib-uglify": {
			"version": "0.5.1",
			"resolved": "https://registry.npmjs.org/grunt-contrib-uglify/-/grunt-contrib-uglify-0.5.1.tgz",
			"integrity": "sha1-FfCqXo6LpCGuqYCHnuUFvHErbN4=",
			"dev": true,
			"requires": {
				"chalk": "^0.5.1",
				"lodash": "^2.4.1",
				"maxmin": "^0.2.0",
				"uglify-js": "^2.4.0"
			},
			"dependencies": {
				"ansi-styles": {
					"version": "1.1.0",
					"resolved": "https://registry.npmjs.org/ansi-styles/-/ansi-styles-1.1.0.tgz",
					"integrity": "sha1-6uy/Zs1waIJ2Cy9GkVgrj1XXp94=",
					"dev": true
				},
				"chalk": {
					"version": "0.5.1",
					"resolved": "https://registry.npmjs.org/chalk/-/chalk-0.5.1.tgz",
					"integrity": "sha1-Zjs6ZItotV0EaQ1JFnqoN4WPIXQ=",
					"dev": true,
					"requires": {
						"ansi-styles": "^1.1.0",
						"escape-string-regexp": "^1.0.0",
						"has-ansi": "^0.1.0",
						"strip-ansi": "^0.3.0",
						"supports-color": "^0.2.0"
					}
				},
				"lodash": {
					"version": "2.4.2",
					"resolved": "https://registry.npmjs.org/lodash/-/lodash-2.4.2.tgz",
					"integrity": "sha1-+t2DS5aDBz2hebPq5tnA0VBT9z4=",
					"dev": true
				},
				"source-map": {
					"version": "0.5.7",
					"resolved": "https://registry.npmjs.org/source-map/-/source-map-0.5.7.tgz",
					"integrity": "sha1-igOdLRAh0i0eoUyA2OpGi6LvP8w=",
					"dev": true
				},
				"strip-ansi": {
					"version": "0.3.0",
					"resolved": "https://registry.npmjs.org/strip-ansi/-/strip-ansi-0.3.0.tgz",
					"integrity": "sha1-JfSOoiynkYfzF0pNuHWTR7sSYiA=",
					"dev": true,
					"requires": {
						"ansi-regex": "^0.2.1"
					}
				},
				"uglify-js": {
					"version": "2.8.29",
					"resolved": "https://registry.npmjs.org/uglify-js/-/uglify-js-2.8.29.tgz",
					"integrity": "sha1-KcVzMUgFe7Th913zW3qcty5qWd0=",
					"dev": true,
					"requires": {
						"source-map": "~0.5.1",
						"uglify-to-browserify": "~1.0.0",
						"yargs": "~3.10.0"
					}
				}
			}
		},
		"grunt-contrib-watch": {
			"version": "0.6.1",
			"resolved": "https://registry.npmjs.org/grunt-contrib-watch/-/grunt-contrib-watch-0.6.1.tgz",
			"integrity": "sha1-ZP3LolpjX1tNobbOb5DaCutuPxU=",
			"dev": true,
			"requires": {
				"async": "~0.2.9",
				"gaze": "~0.5.1",
				"lodash": "~2.4.1",
				"tiny-lr-fork": "0.0.5"
			},
			"dependencies": {
				"async": {
					"version": "0.2.10",
					"resolved": "https://registry.npmjs.org/async/-/async-0.2.10.tgz",
					"integrity": "sha1-trvgsGdLnXGXCMo43owjfLUmw9E=",
					"dev": true
				},
				"lodash": {
					"version": "2.4.2",
					"resolved": "https://registry.npmjs.org/lodash/-/lodash-2.4.2.tgz",
					"integrity": "sha1-+t2DS5aDBz2hebPq5tnA0VBT9z4=",
					"dev": true
				}
			}
		},
		"grunt-known-options": {
			"version": "1.1.1",
			"resolved": "https://registry.npmjs.org/grunt-known-options/-/grunt-known-options-1.1.1.tgz",
			"integrity": "sha512-cHwsLqoighpu7TuYj5RonnEuxGVFnztcUqTqp5rXFGYL4OuPFofwC4Ycg7n9fYwvK6F5WbYgeVOwph9Crs2fsQ==",
			"dev": true
		},
		"grunt-legacy-log": {
			"version": "0.1.3",
			"resolved": "https://registry.npmjs.org/grunt-legacy-log/-/grunt-legacy-log-0.1.3.tgz",
			"integrity": "sha1-7ClCboAwIa9ZAp+H0vnNczWgVTE=",
			"dev": true,
			"requires": {
				"colors": "~0.6.2",
				"grunt-legacy-log-utils": "~0.1.1",
				"hooker": "~0.2.3",
				"lodash": "~2.4.1",
				"underscore.string": "~2.3.3"
			},
			"dependencies": {
				"lodash": {
					"version": "2.4.2",
					"resolved": "https://registry.npmjs.org/lodash/-/lodash-2.4.2.tgz",
					"integrity": "sha1-+t2DS5aDBz2hebPq5tnA0VBT9z4=",
					"dev": true
				},
				"underscore.string": {
					"version": "2.3.3",
					"resolved": "https://registry.npmjs.org/underscore.string/-/underscore.string-2.3.3.tgz",
					"integrity": "sha1-ccCL9rQosRM/N+ePo6Icgvcymw0=",
					"dev": true
				}
			}
		},
		"grunt-legacy-log-utils": {
			"version": "0.1.1",
			"resolved": "https://registry.npmjs.org/grunt-legacy-log-utils/-/grunt-legacy-log-utils-0.1.1.tgz",
			"integrity": "sha1-wHBrndkGThFvNvI/5OawSGcsD34=",
			"dev": true,
			"requires": {
				"colors": "~0.6.2",
				"lodash": "~2.4.1",
				"underscore.string": "~2.3.3"
			},
			"dependencies": {
				"lodash": {
					"version": "2.4.2",
					"resolved": "https://registry.npmjs.org/lodash/-/lodash-2.4.2.tgz",
					"integrity": "sha1-+t2DS5aDBz2hebPq5tnA0VBT9z4=",
					"dev": true
				},
				"underscore.string": {
					"version": "2.3.3",
					"resolved": "https://registry.npmjs.org/underscore.string/-/underscore.string-2.3.3.tgz",
					"integrity": "sha1-ccCL9rQosRM/N+ePo6Icgvcymw0=",
					"dev": true
				}
			}
		},
		"grunt-legacy-util": {
			"version": "0.2.0",
			"resolved": "https://registry.npmjs.org/grunt-legacy-util/-/grunt-legacy-util-0.2.0.tgz",
			"integrity": "sha1-kzJIhNv343qf98Am3/RR2UqeVUs=",
			"dev": true,
			"requires": {
				"async": "~0.1.22",
				"exit": "~0.1.1",
				"getobject": "~0.1.0",
				"hooker": "~0.2.3",
				"lodash": "~0.9.2",
				"underscore.string": "~2.2.1",
				"which": "~1.0.5"
			}
		},
		"grunt-lib-contrib": {
			"version": "0.5.3",
			"resolved": "https://registry.npmjs.org/grunt-lib-contrib/-/grunt-lib-contrib-0.5.3.tgz",
			"integrity": "sha1-6D+e5cigZZLW6CWCHZEhB4IIEzg=",
			"dev": true,
			"requires": {
				"zlib-browserify": "0.0.1"
			}
		},
		"gzip-size": {
			"version": "0.2.0",
			"resolved": "https://registry.npmjs.org/gzip-size/-/gzip-size-0.2.0.tgz",
			"integrity": "sha1-46KhkSBf5W7jJvXCcUNd+uz7Phw=",
			"dev": true,
			"requires": {
				"browserify-zlib": "^0.1.4",
				"concat-stream": "^1.4.1"
			}
		},
		"handlebars": {
			"version": "4.1.2",
			"resolved": "https://registry.npmjs.org/handlebars/-/handlebars-4.1.2.tgz",
			"integrity": "sha512-nvfrjqvt9xQ8Z/w0ijewdD/vvWDTOweBUm96NTr66Wfvo1mJenBLwcYmPs3TIBP5ruzYGD7Hx/DaM9RmhroGPw==",
			"dev": true,
			"requires": {
				"neo-async": "^2.6.0",
				"optimist": "^0.6.1",
				"source-map": "^0.6.1",
				"uglify-js": "^3.1.4"
			},
			"dependencies": {
				"optimist": {
					"version": "0.6.1",
					"resolved": "https://registry.npmjs.org/optimist/-/optimist-0.6.1.tgz",
					"integrity": "sha1-2j6nRob6IaGaERwybpDrFaAZZoY=",
					"dev": true,
					"requires": {
						"minimist": "~0.0.1",
						"wordwrap": "~0.0.2"
					}
				},
				"source-map": {
					"version": "0.6.1",
					"resolved": "https://registry.npmjs.org/source-map/-/source-map-0.6.1.tgz",
					"integrity": "sha512-UjgapumWlbMhkBgzT7Ykc5YXUT46F0iKu8SGXq0bcwP5dz/h0Plj6enJqjz1Zbq2l5WaqYnrVbwWOWMyF3F47g==",
					"dev": true
				},
				"uglify-js": {
					"version": "3.6.9",
					"resolved": "https://registry.npmjs.org/uglify-js/-/uglify-js-3.6.9.tgz",
					"integrity": "sha512-pcnnhaoG6RtrvHJ1dFncAe8Od6Nuy30oaJ82ts6//sGSXOP5UjBMEthiProjXmMNHOfd93sqlkztifFMcb+4yw==",
					"dev": true,
					"optional": true,
					"requires": {
						"commander": "~2.20.3",
						"source-map": "~0.6.1"
					}
				}
			}
		},
		"has-ansi": {
			"version": "0.1.0",
			"resolved": "https://registry.npmjs.org/has-ansi/-/has-ansi-0.1.0.tgz",
			"integrity": "sha1-hPJlqujA5qiKEtcCKJS3VoiUxi4=",
			"dev": true,
			"requires": {
				"ansi-regex": "^0.2.0"
			}
		},
		"has-color": {
			"version": "0.1.7",
			"resolved": "https://registry.npmjs.org/has-color/-/has-color-0.1.7.tgz",
			"integrity": "sha1-ZxRKUmDDT8PMpnfQQdr1L+e3iy8=",
			"dev": true
		},
		"hooker": {
			"version": "0.2.3",
			"resolved": "https://registry.npmjs.org/hooker/-/hooker-0.2.3.tgz",
			"integrity": "sha1-uDT3I8xKJCqmWWNFnfbZhMXT2Vk=",
			"dev": true
		},
		"html-minifier": {
			"version": "0.6.6",
			"resolved": "https://registry.npmjs.org/html-minifier/-/html-minifier-0.6.6.tgz",
			"integrity": "sha1-IxsgOKTeJaIZ9QNUDKYuuciEWQU=",
			"dev": true,
			"requires": {
				"change-case": "2.1.x",
				"clean-css": "2.2.x",
				"cli": "0.6.x",
				"uglify-js": "2.4.x"
			},
			"dependencies": {
				"async": {
					"version": "0.2.10",
					"resolved": "https://registry.npmjs.org/async/-/async-0.2.10.tgz",
					"integrity": "sha1-trvgsGdLnXGXCMo43owjfLUmw9E=",
					"dev": true
				},
				"source-map": {
					"version": "0.1.34",
					"resolved": "https://registry.npmjs.org/source-map/-/source-map-0.1.34.tgz",
					"integrity": "sha1-p8/omux7FoLDsZjQrPtH19CQVms=",
					"dev": true,
					"requires": {
						"amdefine": ">=0.0.4"
					}
				},
				"uglify-js": {
					"version": "2.4.24",
					"resolved": "https://registry.npmjs.org/uglify-js/-/uglify-js-2.4.24.tgz",
					"integrity": "sha1-+tV1XB4Vd2WLsG/5q25UjJW+vW4=",
					"dev": true,
					"requires": {
						"async": "~0.2.6",
						"source-map": "0.1.34",
						"uglify-to-browserify": "~1.0.0",
						"yargs": "~3.5.4"
					}
				},
				"wordwrap": {
					"version": "0.0.2",
					"resolved": "https://registry.npmjs.org/wordwrap/-/wordwrap-0.0.2.tgz",
					"integrity": "sha1-t5Zpu0LstAn4PVg8rVLKF+qhZD8=",
					"dev": true
				},
				"yargs": {
					"version": "3.5.4",
					"resolved": "https://registry.npmjs.org/yargs/-/yargs-3.5.4.tgz",
					"integrity": "sha1-2K/49mXpTDS9JZvevRv68N3TU2E=",
					"dev": true,
					"requires": {
						"camelcase": "^1.0.2",
						"decamelize": "^1.0.0",
						"window-size": "0.1.0",
						"wordwrap": "0.0.2"
					}
				}
			}
		},
		"htmlparser2": {
			"version": "3.8.3",
			"resolved": "https://registry.npmjs.org/htmlparser2/-/htmlparser2-3.8.3.tgz",
			"integrity": "sha1-mWwosZFRaovoZQGn15dX5ccMEGg=",
			"dev": true,
			"requires": {
				"domelementtype": "1",
				"domhandler": "2.3",
				"domutils": "1.5",
				"entities": "1.0",
				"readable-stream": "1.1"
			}
		},
		"iconv-lite": {
			"version": "0.2.11",
			"resolved": "https://registry.npmjs.org/iconv-lite/-/iconv-lite-0.2.11.tgz",
			"integrity": "sha1-HOYKOleGSiktEyH/RgnKS7llrcg=",
			"dev": true
		},
		"inflight": {
			"version": "1.0.6",
			"resolved": "https://registry.npmjs.org/inflight/-/inflight-1.0.6.tgz",
			"integrity": "sha1-Sb1jMdfQLQwJvJEKEHW6gWW1bfk=",
			"dev": true,
			"requires": {
				"once": "^1.3.0",
				"wrappy": "1"
			}
		},
		"inherits": {
			"version": "2.0.4",
			"resolved": "https://registry.npmjs.org/inherits/-/inherits-2.0.4.tgz",
			"integrity": "sha512-k/vGaX4/Yla3WzyMCvTQOXYeIHvqOKtnqBduzTHpzpQZzAskKMhZ2K+EnBiSM9zGSoIFeMpXKxa4dYeZIQqewQ==",
			"dev": true
		},
		"is-buffer": {
			"version": "1.1.6",
			"resolved": "https://registry.npmjs.org/is-buffer/-/is-buffer-1.1.6.tgz",
			"integrity": "sha512-NcdALwpXkTm5Zvvbk7owOUSvVvBKDgKP5/ewfXEznmQFfs4ZRmanOeKBTjRVjka3QFoN6XJ+9F3USqfHqTaU5w==",
			"dev": true
		},
		"is-lower-case": {
			"version": "1.1.3",
			"resolved": "https://registry.npmjs.org/is-lower-case/-/is-lower-case-1.1.3.tgz",
			"integrity": "sha1-fhR75HaNxGbbO/shzGCzHmrWk5M=",
			"dev": true,
			"requires": {
				"lower-case": "^1.1.0"
			}
		},
		"is-upper-case": {
			"version": "1.1.2",
			"resolved": "https://registry.npmjs.org/is-upper-case/-/is-upper-case-1.1.2.tgz",
			"integrity": "sha1-jQsfp+eTOh5YSDYA7H2WYcuvdW8=",
			"dev": true,
			"requires": {
				"upper-case": "^1.1.0"
			}
		},
		"isarray": {
			"version": "0.0.1",
			"resolved": "https://registry.npmjs.org/isarray/-/isarray-0.0.1.tgz",
			"integrity": "sha1-ihis/Kmo9Bd+Cav8YDiTmwXR7t8=",
			"dev": true
		},
		"js-yaml": {
			"version": "2.0.5",
			"resolved": "https://registry.npmjs.org/js-yaml/-/js-yaml-2.0.5.tgz",
			"integrity": "sha1-olrmUJmZ6X3yeMZxnaEb0Gh3Q6g=",
			"dev": true,
			"requires": {
				"argparse": "~ 0.1.11",
				"esprima": "~ 1.0.2"
			}
		},
		"jshint": {
			"version": "2.5.11",
			"resolved": "https://registry.npmjs.org/jshint/-/jshint-2.5.11.tgz",
			"integrity": "sha1-4tlYWLuxqngwAQii6BCZ+wlWIuA=",
			"dev": true,
			"requires": {
				"cli": "0.6.x",
				"console-browserify": "1.1.x",
				"exit": "0.1.x",
				"htmlparser2": "3.8.x",
				"minimatch": "1.0.x",
				"shelljs": "0.3.x",
				"strip-json-comments": "1.0.x",
				"underscore": "1.6.x"
			},
			"dependencies": {
				"minimatch": {
					"version": "1.0.0",
					"resolved": "https://registry.npmjs.org/minimatch/-/minimatch-1.0.0.tgz",
					"integrity": "sha1-4N0hILSeG3JM6NcUxSCCKpQ4V20=",
					"dev": true,
					"requires": {
						"lru-cache": "2",
						"sigmund": "~1.0.0"
					}
				},
				"underscore": {
					"version": "1.6.0",
					"resolved": "https://registry.npmjs.org/underscore/-/underscore-1.6.0.tgz",
					"integrity": "sha1-izixDKze9jM3uLJOT/htRa6lKag=",
					"dev": true
				}
			}
		},
		"kind-of": {
			"version": "3.2.2",
			"resolved": "https://registry.npmjs.org/kind-of/-/kind-of-3.2.2.tgz",
			"integrity": "sha1-MeohpzS6ubuw8yRm2JOupR5KPGQ=",
			"dev": true,
			"requires": {
				"is-buffer": "^1.1.5"
			}
		},
		"lazy-cache": {
			"version": "1.0.4",
			"resolved": "https://registry.npmjs.org/lazy-cache/-/lazy-cache-1.0.4.tgz",
			"integrity": "sha1-odePw6UEdMuAhF07O24dpJpEbo4=",
			"dev": true
		},
		"load-grunt-tasks": {
			"version": "0.6.0",
			"resolved": "https://registry.npmjs.org/load-grunt-tasks/-/load-grunt-tasks-0.6.0.tgz",
			"integrity": "sha1-BDwErWnsyF4CqCJY/fJbenng22w=",
			"dev": true,
			"requires": {
				"findup-sync": "^0.1.2",
				"multimatch": "^0.3.0"
			}
		},
		"lodash": {
			"version": "0.9.2",
			"resolved": "https://registry.npmjs.org/lodash/-/lodash-0.9.2.tgz",
			"integrity": "sha1-jzSZxSRdNG1oLlsNO0B2fgnxqSw=",
			"dev": true
		},
		"longest": {
			"version": "1.0.1",
			"resolved": "https://registry.npmjs.org/longest/-/longest-1.0.1.tgz",
			"integrity": "sha1-MKCy2jj3N3DoKUoNIuZiXtd9AJc=",
			"dev": true
		},
		"lower-case": {
			"version": "1.1.4",
			"resolved": "https://registry.npmjs.org/lower-case/-/lower-case-1.1.4.tgz",
			"integrity": "sha1-miyr0bno4K6ZOkv31YdcOcQujqw=",
			"dev": true
		},
		"lru-cache": {
			"version": "2.7.3",
			"resolved": "https://registry.npmjs.org/lru-cache/-/lru-cache-2.7.3.tgz",
			"integrity": "sha1-bUUk6LlV+V1PW1iFHOId1y+06VI=",
			"dev": true
		},
		"maxmin": {
			"version": "0.2.2",
			"resolved": "https://registry.npmjs.org/maxmin/-/maxmin-0.2.2.tgz",
			"integrity": "sha1-o2ztjMIuOrzRCM+3l6OktAJ1WT8=",
			"dev": true,
			"requires": {
				"chalk": "^0.5.0",
				"figures": "^1.0.1",
				"gzip-size": "^0.2.0",
				"pretty-bytes": "^0.1.0"
			},
			"dependencies": {
				"ansi-styles": {
					"version": "1.1.0",
					"resolved": "https://registry.npmjs.org/ansi-styles/-/ansi-styles-1.1.0.tgz",
					"integrity": "sha1-6uy/Zs1waIJ2Cy9GkVgrj1XXp94=",
					"dev": true
				},
				"chalk": {
					"version": "0.5.1",
					"resolved": "https://registry.npmjs.org/chalk/-/chalk-0.5.1.tgz",
					"integrity": "sha1-Zjs6ZItotV0EaQ1JFnqoN4WPIXQ=",
					"dev": true,
					"requires": {
						"ansi-styles": "^1.1.0",
						"escape-string-regexp": "^1.0.0",
						"has-ansi": "^0.1.0",
						"strip-ansi": "^0.3.0",
						"supports-color": "^0.2.0"
					}
				},
				"strip-ansi": {
					"version": "0.3.0",
					"resolved": "https://registry.npmjs.org/strip-ansi/-/strip-ansi-0.3.0.tgz",
					"integrity": "sha1-JfSOoiynkYfzF0pNuHWTR7sSYiA=",
					"dev": true,
					"requires": {
						"ansi-regex": "^0.2.1"
					}
				}
			}
		},
		"minimatch": {
			"version": "0.2.14",
			"resolved": "https://registry.npmjs.org/minimatch/-/minimatch-0.2.14.tgz",
			"integrity": "sha1-x054BXT2PG+aCQ6Q775u9TpqdWo=",
			"dev": true,
			"requires": {
				"lru-cache": "2",
				"sigmund": "~1.0.0"
			}
		},
		"minimist": {
			"version": "0.0.10",
			"resolved": "https://registry.npmjs.org/minimist/-/minimist-0.0.10.tgz",
			"integrity": "sha1-3j+YVD2/lggr5IrRoMfNqDYwHc8=",
			"dev": true
		},
		"multimatch": {
			"version": "0.3.0",
			"resolved": "https://registry.npmjs.org/multimatch/-/multimatch-0.3.0.tgz",
			"integrity": "sha1-YD28P+MoHTOAlKHhuTqLXyvgONo=",
			"dev": true,
			"requires": {
				"array-differ": "^0.1.0",
				"array-union": "^0.1.0",
				"minimatch": "^0.3.0"
			},
			"dependencies": {
				"minimatch": {
					"version": "0.3.0",
					"resolved": "https://registry.npmjs.org/minimatch/-/minimatch-0.3.0.tgz",
					"integrity": "sha1-J12O2qxPG7MyZHIInnlJyDlGmd0=",
					"dev": true,
					"requires": {
						"lru-cache": "2",
						"sigmund": "~1.0.0"
					}
				}
			}
		},
		"neo-async": {
			"version": "2.6.1",
			"resolved": "https://registry.npmjs.org/neo-async/-/neo-async-2.6.1.tgz",
			"integrity": "sha512-iyam8fBuCUpWeKPGpaNMetEocMt364qkCsfL9JuhjXX6dRnguRVOfk2GZaDpPjcOKiiXCPINZC1GczQ7iTq3Zw==",
			"dev": true
		},
		"nopt": {
			"version": "1.0.10",
			"resolved": "https://registry.npmjs.org/nopt/-/nopt-1.0.10.tgz",
			"integrity": "sha1-bd0hvSoxQXuScn3Vhfim83YI6+4=",
			"dev": true,
			"requires": {
				"abbrev": "1"
			}
		},
		"noptify": {
			"version": "0.0.3",
			"resolved": "https://registry.npmjs.org/noptify/-/noptify-0.0.3.tgz",
			"integrity": "sha1-WPZUpz2XU98MUdlobckhBKZ/S7s=",
			"dev": true,
			"requires": {
				"nopt": "~2.0.0"
			},
			"dependencies": {
				"nopt": {
					"version": "2.0.0",
					"resolved": "https://registry.npmjs.org/nopt/-/nopt-2.0.0.tgz",
					"integrity": "sha1-ynQW8gpeP5w7hhgPlilfo9C1Lg0=",
					"dev": true,
					"requires": {
						"abbrev": "1"
					}
				}
			}
		},
		"object-assign": {
			"version": "4.1.1",
			"resolved": "https://registry.npmjs.org/object-assign/-/object-assign-4.1.1.tgz",
			"integrity": "sha1-IQmtx5ZYh8/AXLvUQsrIv7s2CGM=",
			"dev": true
		},
		"once": {
			"version": "1.4.0",
			"resolved": "https://registry.npmjs.org/once/-/once-1.4.0.tgz",
			"integrity": "sha1-WDsap3WWHUsROsF9nFC6753Xa9E=",
			"dev": true,
			"requires": {
				"wrappy": "1"
			}
		},
		"optimist": {
			"version": "0.3.7",
			"resolved": "https://registry.npmjs.org/optimist/-/optimist-0.3.7.tgz",
			"integrity": "sha1-yQlBrVnkJzMokjB00s8ufLxuwNk=",
			"dev": true,
			"requires": {
				"wordwrap": "~0.0.2"
			}
		},
		"pako": {
			"version": "0.2.9",
			"resolved": "https://registry.npmjs.org/pako/-/pako-0.2.9.tgz",
			"integrity": "sha1-8/dSL073gjSNqBYbrZ7P1Rv4OnU=",
			"dev": true
		},
		"param-case": {
			"version": "1.1.2",
			"resolved": "https://registry.npmjs.org/param-case/-/param-case-1.1.2.tgz",
			"integrity": "sha1-3LCRpDwlm5Io8cNB57akTqC/l0M=",
			"dev": true,
			"requires": {
				"sentence-case": "^1.1.2"
			}
		},
		"pascal-case": {
			"version": "1.1.2",
			"resolved": "https://registry.npmjs.org/pascal-case/-/pascal-case-1.1.2.tgz",
			"integrity": "sha1-Pl1kogBDgwp8STRMLXS0G+DJyZs=",
			"dev": true,
			"requires": {
				"camel-case": "^1.1.1",
				"upper-case-first": "^1.1.0"
			}
		},
		"path-case": {
			"version": "1.1.2",
			"resolved": "https://registry.npmjs.org/path-case/-/path-case-1.1.2.tgz",
			"integrity": "sha1-UM5roNO+090LXCqcRVNpdDRAlRQ=",
			"dev": true,
			"requires": {
				"sentence-case": "^1.1.2"
			}
		},
		"path-is-absolute": {
			"version": "1.0.1",
			"resolved": "https://registry.npmjs.org/path-is-absolute/-/path-is-absolute-1.0.1.tgz",
			"integrity": "sha1-F0uSaHNVNP+8es5r9TpanhtcX18=",
			"dev": true
		},
		"pretty-bytes": {
			"version": "0.1.2",
			"resolved": "https://registry.npmjs.org/pretty-bytes/-/pretty-bytes-0.1.2.tgz",
			"integrity": "sha1-zZApTVihyk6KXQ+5yCJZmIgazwA=",
			"dev": true
		},
		"process-nextick-args": {
			"version": "2.0.1",
			"resolved": "https://registry.npmjs.org/process-nextick-args/-/process-nextick-args-2.0.1.tgz",
			"integrity": "sha512-3ouUOpQhtgrbOa17J7+uxOTpITYWaGP7/AhoR3+A+/1e9skrzelGi/dXzEYyvbxubEF6Wn2ypscTKiKJFFn1ag==",
			"dev": true
		},
		"qs": {
			"version": "0.5.6",
			"resolved": "https://registry.npmjs.org/qs/-/qs-0.5.6.tgz",
			"integrity": "sha1-MbGtBYVnZRxSaSFQa5qHk5EaA4Q=",
			"dev": true
		},
		"readable-stream": {
			"version": "1.1.14",
			"resolved": "https://registry.npmjs.org/readable-stream/-/readable-stream-1.1.14.tgz",
			"integrity": "sha1-fPTFTvZI44EwhMY23SB54WbAgdk=",
			"dev": true,
			"requires": {
				"core-util-is": "~1.0.0",
				"inherits": "~2.0.1",
				"isarray": "0.0.1",
				"string_decoder": "~0.10.x"
			}
		},
		"repeat-string": {
			"version": "1.6.1",
			"resolved": "https://registry.npmjs.org/repeat-string/-/repeat-string-1.6.1.tgz",
			"integrity": "sha1-jcrkcOHIirwtYA//Sndihtp15jc=",
			"dev": true
		},
		"resolve": {
			"version": "1.1.7",
			"resolved": "https://registry.npmjs.org/resolve/-/resolve-1.1.7.tgz",
			"integrity": "sha1-IDEU2CrSxe2ejgQRs5ModeiJ6Xs=",
			"dev": true
		},
		"right-align": {
			"version": "0.1.3",
			"resolved": "https://registry.npmjs.org/right-align/-/right-align-0.1.3.tgz",
			"integrity": "sha1-YTObci/mo1FWiSENJOFMlhSGE+8=",
			"dev": true,
			"requires": {
				"align-text": "^0.1.1"
			}
		},
		"rimraf": {
			"version": "2.2.8",
			"resolved": "https://registry.npmjs.org/rimraf/-/rimraf-2.2.8.tgz",
			"integrity": "sha1-5Dm+Kq7jJzIZUnMPmaiSnk/FBYI=",
			"dev": true
		},
		"safe-buffer": {
			"version": "5.1.2",
			"resolved": "https://registry.npmjs.org/safe-buffer/-/safe-buffer-5.1.2.tgz",
			"integrity": "sha512-Gd2UZBJDkXlY7GbJxfsE8/nvKkUEU1G38c1siN6QP6a9PT9MmHB8GnpscSmMJSoF8LOIrt8ud/wPtojys4G6+g==",
			"dev": true
		},
		"semver": {
			"version": "4.3.6",
			"resolved": "https://registry.npmjs.org/semver/-/semver-4.3.6.tgz",
			"integrity": "sha1-MAvG4OhjdPe6YQaLWx7NV/xlMto=",
			"dev": true
		},
		"sentence-case": {
			"version": "1.1.3",
			"resolved": "https://registry.npmjs.org/sentence-case/-/sentence-case-1.1.3.tgz",
			"integrity": "sha1-gDSq/CFFdy06vhUJqkLJ4QQtwTk=",
			"dev": true,
			"requires": {
				"lower-case": "^1.1.1"
			}
		},
		"shelljs": {
			"version": "0.3.0",
			"resolved": "https://registry.npmjs.org/shelljs/-/shelljs-0.3.0.tgz",
			"integrity": "sha1-NZbmMHp4FUT1kfN9phg2DzHbV7E=",
			"dev": true
		},
		"sigmund": {
			"version": "1.0.1",
			"resolved": "https://registry.npmjs.org/sigmund/-/sigmund-1.0.1.tgz",
			"integrity": "sha1-P/IfGYytIXX587eBhT/ZTQ0ZtZA=",
			"dev": true
		},
		"snake-case": {
			"version": "1.1.2",
			"resolved": "https://registry.npmjs.org/snake-case/-/snake-case-1.1.2.tgz",
			"integrity": "sha1-DC8l4wUVjZoY09l3BmGH/vilpmo=",
			"dev": true,
			"requires": {
				"sentence-case": "^1.1.2"
			}
		},
		"source-map": {
			"version": "0.1.43",
			"resolved": "https://registry.npmjs.org/source-map/-/source-map-0.1.43.tgz",
			"integrity": "sha1-wkvBRspRfBRx9drL4lcbK3+eM0Y=",
			"dev": true,
			"optional": true,
			"requires": {
				"amdefine": ">=0.0.4"
			}
		},
		"string_decoder": {
			"version": "0.10.31",
			"resolved": "https://registry.npmjs.org/string_decoder/-/string_decoder-0.10.31.tgz",
			"integrity": "sha1-YuIDvEF2bGwoyfyEMB2rHFMQ+pQ=",
			"dev": true
		},
		"strip-ansi": {
			"version": "0.1.1",
			"resolved": "https://registry.npmjs.org/strip-ansi/-/strip-ansi-0.1.1.tgz",
			"integrity": "sha1-OeipjQRNFQZgq+SmgIrPcLt7yZE=",
			"dev": true
		},
		"strip-json-comments": {
			"version": "1.0.4",
			"resolved": "https://registry.npmjs.org/strip-json-comments/-/strip-json-comments-1.0.4.tgz",
			"integrity": "sha1-HhX7ysl9Pumb8tc7TGVrCCu6+5E=",
			"dev": true
		},
		"supports-color": {
			"version": "0.2.0",
			"resolved": "https://registry.npmjs.org/supports-color/-/supports-color-0.2.0.tgz",
			"integrity": "sha1-2S3iaU6z9nMjlz1649i1W0wiGQo=",
			"dev": true
		},
		"swap-case": {
			"version": "1.1.2",
			"resolved": "https://registry.npmjs.org/swap-case/-/swap-case-1.1.2.tgz",
			"integrity": "sha1-w5IDpFhzhfrTyFCgvRvK+ggZdOM=",
			"dev": true,
			"requires": {
				"lower-case": "^1.1.1",
				"upper-case": "^1.1.1"
			}
		},
		"tiny-lr-fork": {
			"version": "0.0.5",
			"resolved": "https://registry.npmjs.org/tiny-lr-fork/-/tiny-lr-fork-0.0.5.tgz",
			"integrity": "sha1-Hpnh4qhGm3NquX2X7vqYxx927Qo=",
			"dev": true,
			"requires": {
				"debug": "~0.7.0",
				"faye-websocket": "~0.4.3",
				"noptify": "~0.0.3",
				"qs": "~0.5.2"
			}
		},
		"title-case": {
			"version": "1.1.2",
			"resolved": "https://registry.npmjs.org/title-case/-/title-case-1.1.2.tgz",
			"integrity": "sha1-+uSmrlRr+iLQg6DuqRCkDRLtT1o=",
			"dev": true,
			"requires": {
				"sentence-case": "^1.1.1",
				"upper-case": "^1.0.3"
			}
		},
		"typedarray": {
			"version": "0.0.6",
			"resolved": "https://registry.npmjs.org/typedarray/-/typedarray-0.0.6.tgz",
			"integrity": "sha1-hnrHTjhkGHsdPUfZlqeOxciDB3c=",
			"dev": true
		},
		"uglify-js": {
			"version": "2.3.6",
			"resolved": "https://registry.npmjs.org/uglify-js/-/uglify-js-2.3.6.tgz",
			"integrity": "sha1-+gmEdwtCi3qbKoBY9GNV0U/vIRo=",
			"dev": true,
			"optional": true,
			"requires": {
				"async": "~0.2.6",
				"optimist": "~0.3.5",
				"source-map": "~0.1.7"
			},
			"dependencies": {
				"async": {
					"version": "0.2.10",
					"resolved": "https://registry.npmjs.org/async/-/async-0.2.10.tgz",
					"integrity": "sha1-trvgsGdLnXGXCMo43owjfLUmw9E=",
					"dev": true,
					"optional": true
				}
			}
		},
		"uglify-to-browserify": {
			"version": "1.0.2",
			"resolved": "https://registry.npmjs.org/uglify-to-browserify/-/uglify-to-browserify-1.0.2.tgz",
			"integrity": "sha1-bgkk1r2mta/jSeOabWMoUKD4grc=",
			"dev": true
		},
		"underscore": {
			"version": "1.7.0",
			"resolved": "https://registry.npmjs.org/underscore/-/underscore-1.7.0.tgz",
			"integrity": "sha1-a7rwh3UA02vjTsqlhODbn+8DUgk=",
			"dev": true
		},
		"underscore.string": {
			"version": "2.2.1",
			"resolved": "https://registry.npmjs.org/underscore.string/-/underscore.string-2.2.1.tgz",
			"integrity": "sha1-18D6KvXVoaZ/QlPa7pgTLnM/Dxk=",
			"dev": true
		},
		"upper-case": {
			"version": "1.1.3",
			"resolved": "https://registry.npmjs.org/upper-case/-/upper-case-1.1.3.tgz",
			"integrity": "sha1-9rRQHC7EzdJrp4vnIilh3ndiFZg=",
			"dev": true
		},
		"upper-case-first": {
			"version": "1.1.2",
			"resolved": "https://registry.npmjs.org/upper-case-first/-/upper-case-first-1.1.2.tgz",
			"integrity": "sha1-XXm+3P8UQZUY/S7bCgUHybaFkRU=",
			"dev": true,
			"requires": {
				"upper-case": "^1.1.1"
			}
		},
		"util-deprecate": {
			"version": "1.0.2",
			"resolved": "https://registry.npmjs.org/util-deprecate/-/util-deprecate-1.0.2.tgz",
			"integrity": "sha1-RQ1Nyfpw3nMnYvvS1KKJgUGaDM8=",
			"dev": true
		},
		"which": {
			"version": "1.0.9",
			"resolved": "https://registry.npmjs.org/which/-/which-1.0.9.tgz",
			"integrity": "sha1-RgwdoPgQED0DIam2M6+eV15kSG8=",
			"dev": true
		},
		"win-spawn": {
			"version": "2.0.0",
			"resolved": "https://registry.npmjs.org/win-spawn/-/win-spawn-2.0.0.tgz",
			"integrity": "sha1-OXopEw7JjQqgvIa6pGITk+/9Cwc=",
			"dev": true
		},
		"window-size": {
			"version": "0.1.0",
			"resolved": "https://registry.npmjs.org/window-size/-/window-size-0.1.0.tgz",
			"integrity": "sha1-VDjNLqk7IC76Ohn+iIeu58lPnJ0=",
			"dev": true
		},
		"wordwrap": {
			"version": "0.0.3",
			"resolved": "https://registry.npmjs.org/wordwrap/-/wordwrap-0.0.3.tgz",
			"integrity": "sha1-o9XabNXAvAAI03I0u68b7WMFkQc=",
			"dev": true
		},
		"wrappy": {
			"version": "1.0.2",
			"resolved": "https://registry.npmjs.org/wrappy/-/wrappy-1.0.2.tgz",
			"integrity": "sha1-tSQ9jz7BqjXxNkYFvA0QNuMKtp8=",
			"dev": true
		},
		"yargs": {
			"version": "3.10.0",
			"resolved": "https://registry.npmjs.org/yargs/-/yargs-3.10.0.tgz",
			"integrity": "sha1-9+572FfdfB0tOMDnTvvWgdFDH9E=",
			"dev": true,
			"requires": {
				"camelcase": "^1.0.2",
				"cliui": "^2.1.0",
				"decamelize": "^1.0.0",
				"window-size": "0.1.0"
			}
		},
		"zlib-browserify": {
			"version": "0.0.1",
			"resolved": "https://registry.npmjs.org/zlib-browserify/-/zlib-browserify-0.0.1.tgz",
			"integrity": "sha1-T6akXQDbwV8xikr6HZr8Aljhdsw=",
			"dev": true
		}
	}
}
